PODS:
  - Brightcove-Player-SDK (4.1.4):
    - ReactiveCocoa (~> 2.1)
  - ReactiveCocoa (2.2.4):
    - ReactiveCocoa/Core
    - ReactiveCocoa/no-arc
  - ReactiveCocoa/Core (2.2.4):
    - ReactiveCocoa/no-arc
  - ReactiveCocoa/no-arc (2.2.4)

DEPENDENCIES:
  - Brightcove-Player-SDK (~> 4.1.4)
  - ReactiveCocoa (~> 2.1)

SPEC CHECKSUMS:
  Brightcove-Player-SDK: 4ce247b274fd622d0ac371d4ca4a17b16f88fa60
  ReactiveCocoa: 953a45dda30674fe704d1d9c77cc874141742f47

COCOAPODS: 0.29.0
