// !$*UTF8*$!
{
	archiveVersion = 1;
	classes = {
	};
	objectVersion = 46;
	objects = {

/* Begin PBXBuildFile section */
		0A9F008DCF15451A9A487A50 /* libPods.a in Frameworks */ = {isa = PBXBuildFile; fileRef = D018B1D7F1294035A9264284 /* libPods.a */; };
		66160EDC18D11534003C3F50 /* Foundation.framework in Frameworks */ = {isa = PBXBuildFile; fileRef = 66160EDB18D11534003C3F50 /* Foundation.framework */; };
		66160EDE18D11534003C3F50 /* CoreGraphics.framework in Frameworks */ = {isa = PBXBuildFile; fileRef = 66160EDD18D11534003C3F50 /* CoreGraphics.framework */; };
		66160EE018D11534003C3F50 /* UIKit.framework in Frameworks */ = {isa = PBXBuildFile; fileRef = 66160EDF18D11534003C3F50 /* UIKit.framework */; };
		66160EE618D11534003C3F50 /* InfoPlist.strings in Resources */ = {isa = PBXBuildFile; fileRef = 66160EE418D11534003C3F50 /* InfoPlist.strings */; };
		66160EE818D11534003C3F50 /* main.m in Sources */ = {isa = PBXBuildFile; fileRef = 66160EE718D11534003C3F50 /* main.m */; };
		66160EEC18D11534003C3F50 /* SVPAppDelegate.m in Sources */ = {isa = PBXBuildFile; fileRef = 66160EEB18D11534003C3F50 /* SVPAppDelegate.m */; };
		66160EEF18D11534003C3F50 /* Main_iPhone.storyboard in Resources */ = {isa = PBXBuildFile; fileRef = 66160EED18D11534003C3F50 /* Main_iPhone.storyboard */; };
		66160EF218D11534003C3F50 /* Main_iPad.storyboard in Resources */ = {isa = PBXBuildFile; fileRef = 66160EF018D11534003C3F50 /* Main_iPad.storyboard */; };
		66160EF518D11534003C3F50 /* SVPViewController.m in Sources */ = {isa = PBXBuildFile; fileRef = 66160EF418D11534003C3F50 /* SVPViewController.m */; };
		66160EF718D11534003C3F50 /* Images.xcassets in Resources */ = {isa = PBXBuildFile; fileRef = 66160EF618D11534003C3F50 /* Images.xcassets */; };
		66160EFE18D11534003C3F50 /* XCTest.framework in Frameworks */ = {isa = PBXBuildFile; fileRef = 66160EFD18D11534003C3F50 /* XCTest.framework */; };
		66160EFF18D11534003C3F50 /* Foundation.framework in Frameworks */ = {isa = PBXBuildFile; fileRef = 66160EDB18D11534003C3F50 /* Foundation.framework */; };
		66160F0018D11534003C3F50 /* UIKit.framework in Frameworks */ = {isa = PBXBuildFile; fileRef = 66160EDF18D11534003C3F50 /* UIKit.framework */; };
		66160F0818D11534003C3F50 /* InfoPlist.strings in Resources */ = {isa = PBXBuildFile; fileRef = 66160F0618D11534003C3F50 /* InfoPlist.strings */; };
		66160F0A18D11534003C3F50 /* Simple_Video_PlaybackTests.m in Sources */ = {isa = PBXBuildFile; fileRef = 66160F0918D11534003C3F50 /* Simple_Video_PlaybackTests.m */; };
/* End PBXBuildFile section */

/* Begin PBXContainerItemProxy section */
		66160F0118D11534003C3F50 /* PBXContainerItemProxy */ = {
			isa = PBXContainerItemProxy;
			containerPortal = 66160ED018D11534003C3F50 /* Project object */;
			proxyType = 1;
			remoteGlobalIDString = 66160ED718D11534003C3F50;
			remoteInfo = "Simple Video Playback";
		};
/* End PBXContainerItemProxy section */

/* Begin PBXFileReference section */
		66160ED818D11534003C3F50 /* Simple Video Playback.app */ = {isa = PBXFileReference; explicitFileType = wrapper.application; includeInIndex = 0; path = "Simple Video Playback.app"; sourceTree = BUILT_PRODUCTS_DIR; };
		66160EDB18D11534003C3F50 /* Foundation.framework */ = {isa = PBXFileReference; lastKnownFileType = wrapper.framework; name = Foundation.framework; path = System/Library/Frameworks/Foundation.framework; sourceTree = SDKROOT; };
		66160EDD18D11534003C3F50 /* CoreGraphics.framework */ = {isa = PBXFileReference; lastKnownFileType = wrapper.framework; name = CoreGraphics.framework; path = System/Library/Frameworks/CoreGraphics.framework; sourceTree = SDKROOT; };
		66160EDF18D11534003C3F50 /* UIKit.framework */ = {isa = PBXFileReference; lastKnownFileType = wrapper.framework; name = UIKit.framework; path = System/Library/Frameworks/UIKit.framework; sourceTree = SDKROOT; };
		66160EE318D11534003C3F50 /* Simple Video Playback-Info.plist */ = {isa = PBXFileReference; lastKnownFileType = text.plist.xml; path = "Simple Video Playback-Info.plist"; sourceTree = "<group>"; };
		66160EE518D11534003C3F50 /* en */ = {isa = PBXFileReference; lastKnownFileType = text.plist.strings; name = en; path = en.lproj/InfoPlist.strings; sourceTree = "<group>"; };
		66160EE718D11534003C3F50 /* main.m */ = {isa = PBXFileReference; lastKnownFileType = sourcecode.c.objc; path = main.m; sourceTree = "<group>"; };
		66160EE918D11534003C3F50 /* Simple Video Playback-Prefix.pch */ = {isa = PBXFileReference; lastKnownFileType = sourcecode.c.h; path = "Simple Video Playback-Prefix.pch"; sourceTree = "<group>"; };
		66160EEA18D11534003C3F50 /* SVPAppDelegate.h */ = {isa = PBXFileReference; lastKnownFileType = sourcecode.c.h; path = SVPAppDelegate.h; sourceTree = "<group>"; };
		66160EEB18D11534003C3F50 /* SVPAppDelegate.m */ = {isa = PBXFileReference; lastKnownFileType = sourcecode.c.objc; path = SVPAppDelegate.m; sourceTree = "<group>"; };
		66160EEE18D11534003C3F50 /* Base */ = {isa = PBXFileReference; lastKnownFileType = file.storyboard; name = Base; path = Base.lproj/Main_iPhone.storyboard; sourceTree = "<group>"; };
		66160EF118D11534003C3F50 /* Base */ = {isa = PBXFileReference; lastKnownFileType = file.storyboard; name = Base; path = Base.lproj/Main_iPad.storyboard; sourceTree = "<group>"; };
		66160EF318D11534003C3F50 /* SVPViewController.h */ = {isa = PBXFileReference; lastKnownFileType = sourcecode.c.h; path = SVPViewController.h; sourceTree = "<group>"; };
		66160EF418D11534003C3F50 /* SVPViewController.m */ = {isa = PBXFileReference; lastKnownFileType = sourcecode.c.objc; path = SVPViewController.m; sourceTree = "<group>"; };
		66160EF618D11534003C3F50 /* Images.xcassets */ = {isa = PBXFileReference; lastKnownFileType = folder.assetcatalog; path = Images.xcassets; sourceTree = "<group>"; };
		66160EFC18D11534003C3F50 /* Simple Video PlaybackTests.xctest */ = {isa = PBXFileReference; explicitFileType = wrapper.cfbundle; includeInIndex = 0; path = "Simple Video PlaybackTests.xctest"; sourceTree = BUILT_PRODUCTS_DIR; };
		66160EFD18D11534003C3F50 /* XCTest.framework */ = {isa = PBXFileReference; lastKnownFileType = wrapper.framework; name = XCTest.framework; path = Library/Frameworks/XCTest.framework; sourceTree = DEVELOPER_DIR; };
		66160F0518D11534003C3F50 /* Simple Video PlaybackTests-Info.plist */ = {isa = PBXFileReference; lastKnownFileType = text.plist.xml; path = "Simple Video PlaybackTests-Info.plist"; sourceTree = "<group>"; };
		66160F0718D11534003C3F50 /* en */ = {isa = PBXFileReference; lastKnownFileType = text.plist.strings; name = en; path = en.lproj/InfoPlist.strings; sourceTree = "<group>"; };
		66160F0918D11534003C3F50 /* Simple_Video_PlaybackTests.m */ = {isa = PBXFileReference; lastKnownFileType = sourcecode.c.objc; path = Simple_Video_PlaybackTests.m; sourceTree = "<group>"; };
		D018B1D7F1294035A9264284 /* libPods.a */ = {isa = PBXFileReference; explicitFileType = archive.ar; includeInIndex = 0; path = libPods.a; sourceTree = BUILT_PRODUCTS_DIR; };
		EF5E4987298A4EB89E7CCB9F /* Pods.xcconfig */ = {isa = PBXFileReference; includeInIndex = 1; lastKnownFileType = text.xcconfig; name = Pods.xcconfig; path = Pods/Pods.xcconfig; sourceTree = "<group>"; };
/* End PBXFileReference section */

/* Begin PBXFrameworksBuildPhase section */
		66160ED518D11534003C3F50 /* Frameworks */ = {
			isa = PBXFrameworksBuildPhase;
			buildActionMask = 2147483647;
			files = (
				66160EDE18D11534003C3F50 /* CoreGraphics.framework in Frameworks */,
				66160EE018D11534003C3F50 /* UIKit.framework in Frameworks */,
				66160EDC18D11534003C3F50 /* Foundation.framework in Frameworks */,
				0A9F008DCF15451A9A487A50 /* libPods.a in Frameworks */,
			);
			runOnlyForDeploymentPostprocessing = 0;
		};
		66160EF918D11534003C3F50 /* Frameworks */ = {
			isa = PBXFrameworksBuildPhase;
			buildActionMask = 2147483647;
			files = (
				66160EFE18D11534003C3F50 /* XCTest.framework in Frameworks */,
				66160F0018D11534003C3F50 /* UIKit.framework in Frameworks */,
				66160EFF18D11534003C3F50 /* Foundation.framework in Frameworks */,
			);
			runOnlyForDeploymentPostprocessing = 0;
		};
/* End PBXFrameworksBuildPhase section */

/* Begin PBXGroup section */
		66160ECF18D11534003C3F50 = {
			isa = PBXGroup;
			children = (
				66160EE118D11534003C3F50 /* Simple Video Playback */,
				66160F0318D11534003C3F50 /* Simple Video PlaybackTests */,
				66160EDA18D11534003C3F50 /* Frameworks */,
				66160ED918D11534003C3F50 /* Products */,
				EF5E4987298A4EB89E7CCB9F /* Pods.xcconfig */,
			);
			sourceTree = "<group>";
		};
		66160ED918D11534003C3F50 /* Products */ = {
			isa = PBXGroup;
			children = (
				66160ED818D11534003C3F50 /* Simple Video Playback.app */,
				66160EFC18D11534003C3F50 /* Simple Video PlaybackTests.xctest */,
			);
			name = Products;
			sourceTree = "<group>";
		};
		66160EDA18D11534003C3F50 /* Frameworks */ = {
			isa = PBXGroup;
			children = (
				66160EDB18D11534003C3F50 /* Foundation.framework */,
				66160EDD18D11534003C3F50 /* CoreGraphics.framework */,
				66160EDF18D11534003C3F50 /* UIKit.framework */,
				66160EFD18D11534003C3F50 /* XCTest.framework */,
				D018B1D7F1294035A9264284 /* libPods.a */,
			);
			name = Frameworks;
			sourceTree = "<group>";
		};
		66160EE118D11534003C3F50 /* Simple Video Playback */ = {
			isa = PBXGroup;
			children = (
				66160EEA18D11534003C3F50 /* SVPAppDelegate.h */,
				66160EEB18D11534003C3F50 /* SVPAppDelegate.m */,
				66160EED18D11534003C3F50 /* Main_iPhone.storyboard */,
				66160EF018D11534003C3F50 /* Main_iPad.storyboard */,
				66160EF318D11534003C3F50 /* SVPViewController.h */,
				66160EF418D11534003C3F50 /* SVPViewController.m */,
				66160EF618D11534003C3F50 /* Images.xcassets */,
				66160EE218D11534003C3F50 /* Supporting Files */,
			);
			path = "Simple Video Playback";
			sourceTree = "<group>";
		};
		66160EE218D11534003C3F50 /* Supporting Files */ = {
			isa = PBXGroup;
			children = (
				66160EE318D11534003C3F50 /* Simple Video Playback-Info.plist */,
				66160EE418D11534003C3F50 /* InfoPlist.strings */,
				66160EE718D11534003C3F50 /* main.m */,
				66160EE918D11534003C3F50 /* Simple Video Playback-Prefix.pch */,
			);
			name = "Supporting Files";
			sourceTree = "<group>";
		};
		66160F0318D11534003C3F50 /* Simple Video PlaybackTests */ = {
			isa = PBXGroup;
			children = (
				66160F0918D11534003C3F50 /* Simple_Video_PlaybackTests.m */,
				66160F0418D11534003C3F50 /* Supporting Files */,
			);
			path = "Simple Video PlaybackTests";
			sourceTree = "<group>";
		};
		66160F0418D11534003C3F50 /* Supporting Files */ = {
			isa = PBXGroup;
			children = (
				66160F0518D11534003C3F50 /* Simple Video PlaybackTests-Info.plist */,
				66160F0618D11534003C3F50 /* InfoPlist.strings */,
			);
			name = "Supporting Files";
			sourceTree = "<group>";
		};
/* End PBXGroup section */

/* Begin PBXNativeTarget section */
		66160ED718D11534003C3F50 /* Simple Video Playback */ = {
			isa = PBXNativeTarget;
			buildConfigurationList = 66160F0D18D11534003C3F50 /* Build configuration list for PBXNativeTarget "Simple Video Playback" */;
			buildPhases = (
				4743AC46A0D94F429F75A549 /* Check Pods Manifest.lock */,
				66160ED418D11534003C3F50 /* Sources */,
				66160ED518D11534003C3F50 /* Frameworks */,
				66160ED618D11534003C3F50 /* Resources */,
				2CBE8C28E8E14CD1BB2605B5 /* Copy Pods Resources */,
			);
			buildRules = (
			);
			dependencies = (
			);
			name = "Simple Video Playback";
			productName = "Simple Video Playback";
			productReference = 66160ED818D11534003C3F50 /* Simple Video Playback.app */;
			productType = "com.apple.product-type.application";
		};
		66160EFB18D11534003C3F50 /* Simple Video PlaybackTests */ = {
			isa = PBXNativeTarget;
			buildConfigurationList = 66160F1018D11534003C3F50 /* Build configuration list for PBXNativeTarget "Simple Video PlaybackTests" */;
			buildPhases = (
				66160EF818D11534003C3F50 /* Sources */,
				66160EF918D11534003C3F50 /* Frameworks */,
				66160EFA18D11534003C3F50 /* Resources */,
			);
			buildRules = (
			);
			dependencies = (
				66160F0218D11534003C3F50 /* PBXTargetDependency */,
			);
			name = "Simple Video PlaybackTests";
			productName = "Simple Video PlaybackTests";
			productReference = 66160EFC18D11534003C3F50 /* Simple Video PlaybackTests.xctest */;
			productType = "com.apple.product-type.bundle.unit-test";
		};
/* End PBXNativeTarget section */

/* Begin PBXProject section */
		66160ED018D11534003C3F50 /* Project object */ = {
			isa = PBXProject;
			attributes = {
				CLASSPREFIX = SVP;
				LastUpgradeCheck = 0510;
				ORGANIZATIONNAME = Brightcove;
				TargetAttributes = {
					66160EFB18D11534003C3F50 = {
						TestTargetID = 66160ED718D11534003C3F50;
					};
				};
			};
			buildConfigurationList = 66160ED318D11534003C3F50 /* Build configuration list for PBXProject "Simple Video Playback" */;
			compatibilityVersion = "Xcode 3.2";
			developmentRegion = English;
			hasScannedForEncodings = 0;
			knownRegions = (
				en,
				Base,
			);
			mainGroup = 66160ECF18D11534003C3F50;
			productRefGroup = 66160ED918D11534003C3F50 /* Products */;
			projectDirPath = "";
			projectRoot = "";
			targets = (
				66160ED718D11534003C3F50 /* Simple Video Playback */,
				66160EFB18D11534003C3F50 /* Simple Video PlaybackTests */,
			);
		};
/* End PBXProject section */

/* Begin PBXResourcesBuildPhase section */
		66160ED618D11534003C3F50 /* Resources */ = {
			isa = PBXResourcesBuildPhase;
			buildActionMask = 2147483647;
			files = (
				66160EF218D11534003C3F50 /* Main_iPad.storyboard in Resources */,
				66160EF718D11534003C3F50 /* Images.xcassets in Resources */,
				66160EEF18D11534003C3F50 /* Main_iPhone.storyboard in Resources */,
				66160EE618D11534003C3F50 /* InfoPlist.strings in Resources */,
			);
			runOnlyForDeploymentPostprocessing = 0;
		};
		66160EFA18D11534003C3F50 /* Resources */ = {
			isa = PBXResourcesBuildPhase;
			buildActionMask = 2147483647;
			files = (
				66160F0818D11534003C3F50 /* InfoPlist.strings in Resources */,
			);
			runOnlyForDeploymentPostprocessing = 0;
		};
/* End PBXResourcesBuildPhase section */

/* Begin PBXShellScriptBuildPhase section */
		2CBE8C28E8E14CD1BB2605B5 /* Copy Pods Resources */ = {
			isa = PBXShellScriptBuildPhase;
			buildActionMask = 2147483647;
			files = (
			);
			inputPaths = (
			);
			name = "Copy Pods Resources";
			outputPaths = (
			);
			runOnlyForDeploymentPostprocessing = 0;
			shellPath = /bin/sh;
			shellScript = "\"${SRCROOT}/Pods/Pods-resources.sh\"\n";
			showEnvVarsInLog = 0;
		};
		4743AC46A0D94F429F75A549 /* Check Pods Manifest.lock */ = {
			isa = PBXShellScriptBuildPhase;
			buildActionMask = 2147483647;
			files = (
			);
			inputPaths = (
			);
			name = "Check Pods Manifest.lock";
			outputPaths = (
			);
			runOnlyForDeploymentPostprocessing = 0;
			shellPath = /bin/sh;
			shellScript = "diff \"${PODS_ROOT}/../Podfile.lock\" \"${PODS_ROOT}/Manifest.lock\" > /dev/null\nif [[ $? != 0 ]] ; then\n    cat << EOM\nerror: The sandbox is not in sync with the Podfile.lock. Run 'pod install' or update your CocoaPods installation.\nEOM\n    exit 1\nfi\n";
			showEnvVarsInLog = 0;
		};
/* End PBXShellScriptBuildPhase section */

/* Begin PBXSourcesBuildPhase section */
		66160ED418D11534003C3F50 /* Sources */ = {
			isa = PBXSourcesBuildPhase;
			buildActionMask = 2147483647;
			files = (
				66160EEC18D11534003C3F50 /* SVPAppDelegate.m in Sources */,
				66160EE818D11534003C3F50 /* main.m in Sources */,
				66160EF518D11534003C3F50 /* SVPViewController.m in Sources */,
			);
			runOnlyForDeploymentPostprocessing = 0;
		};
		66160EF818D11534003C3F50 /* Sources */ = {
			isa = PBXSourcesBuildPhase;
			buildActionMask = 2147483647;
			files = (
				66160F0A18D11534003C3F50 /* Simple_Video_PlaybackTests.m in Sources */,
			);
			runOnlyForDeploymentPostprocessing = 0;
		};
/* End PBXSourcesBuildPhase section */

/* Begin PBXTargetDependency section */
		66160F0218D11534003C3F50 /* PBXTargetDependency */ = {
			isa = PBXTargetDependency;
			target = 66160ED718D11534003C3F50 /* Simple Video Playback */;
			targetProxy = 66160F0118D11534003C3F50 /* PBXContainerItemProxy */;
		};
/* End PBXTargetDependency section */

/* Begin PBXVariantGroup section */
		66160EE418D11534003C3F50 /* InfoPlist.strings */ = {
			isa = PBXVariantGroup;
			children = (
				66160EE518D11534003C3F50 /* en */,
			);
			name = InfoPlist.strings;
			sourceTree = "<group>";
		};
		66160EED18D11534003C3F50 /* Main_iPhone.storyboard */ = {
			isa = PBXVariantGroup;
			children = (
				66160EEE18D11534003C3F50 /* Base */,
			);
			name = Main_iPhone.storyboard;
			sourceTree = "<group>";
		};
		66160EF018D11534003C3F50 /* Main_iPad.storyboard */ = {
			isa = PBXVariantGroup;
			children = (
				66160EF118D11534003C3F50 /* Base */,
			);
			name = Main_iPad.storyboard;
			sourceTree = "<group>";
		};
		66160F0618D11534003C3F50 /* InfoPlist.strings */ = {
			isa = PBXVariantGroup;
			children = (
				66160F0718D11534003C3F50 /* en */,
			);
			name = InfoPlist.strings;
			sourceTree = "<group>";
		};
/* End PBXVariantGroup section */

/* Begin XCBuildConfiguration section */
		66160F0B18D11534003C3F50 /* Debug */ = {
			isa = XCBuildConfiguration;
			buildSettings = {
				ALWAYS_SEARCH_USER_PATHS = NO;
				CLANG_CXX_LANGUAGE_STANDARD = "gnu++0x";
				CLANG_CXX_LIBRARY = "libc++";
				CLANG_ENABLE_MODULES = YES;
				CLANG_ENABLE_OBJC_ARC = YES;
				CLANG_WARN_BOOL_CONVERSION = YES;
				CLANG_WARN_CONSTANT_CONVERSION = YES;
				CLANG_WARN_DIRECT_OBJC_ISA_USAGE = YES_ERROR;
				CLANG_WARN_EMPTY_BODY = YES;
				CLANG_WARN_ENUM_CONVERSION = YES;
				CLANG_WARN_INT_CONVERSION = YES;
				CLANG_WARN_OBJC_ROOT_CLASS = YES_ERROR;
				CLANG_WARN__DUPLICATE_METHOD_MATCH = YES;
				"CODE_SIGN_IDENTITY[sdk=iphoneos*]" = "iPhone Developer";
				COPY_PHASE_STRIP = NO;
				GCC_C_LANGUAGE_STANDARD = gnu99;
				GCC_DYNAMIC_NO_PIC = NO;
				GCC_OPTIMIZATION_LEVEL = 0;
				GCC_PREPROCESSOR_DEFINITIONS = (
					"DEBUG=1",
					"$(inherited)",
				);
				GCC_SYMBOLS_PRIVATE_EXTERN = NO;
				GCC_WARN_64_TO_32_BIT_CONVERSION = YES;
				GCC_WARN_ABOUT_RETURN_TYPE = YES_ERROR;
				GCC_WARN_UNDECLARED_SELECTOR = YES;
				GCC_WARN_UNINITIALIZED_AUTOS = YES_AGGRESSIVE;
				GCC_WARN_UNUSED_FUNCTION = YES;
				GCC_WARN_UNUSED_VARIABLE = YES;
				IPHONEOS_DEPLOYMENT_TARGET = 7.1;
				ONLY_ACTIVE_ARCH = YES;
				SDKROOT = iphoneos;
				TARGETED_DEVICE_FAMILY = "1,2";
			};
			name = Debug;
		};
		66160F0C18D11534003C3F50 /* Release */ = {
			isa = XCBuildConfiguration;
			buildSettings = {
				ALWAYS_SEARCH_USER_PATHS = NO;
				CLANG_CXX_LANGUAGE_STANDARD = "gnu++0x";
				CLANG_CXX_LIBRARY = "libc++";
				CLANG_ENABLE_MODULES = YES;
				CLANG_ENABLE_OBJC_ARC = YES;
				CLANG_WARN_BOOL_CONVERSION = YES;
				CLANG_WARN_CONSTANT_CONVERSION = YES;
				CLANG_WARN_DIRECT_OBJC_ISA_USAGE = YES_ERROR;
				CLANG_WARN_EMPTY_BODY = YES;
				CLANG_WARN_ENUM_CONVERSION = YES;
				CLANG_WARN_INT_CONVERSION = YES;
				CLANG_WARN_OBJC_ROOT_CLASS = YES_ERROR;
				CLANG_WARN__DUPLICATE_METHOD_MATCH = YES;
				"CODE_SIGN_IDENTITY[sdk=iphoneos*]" = "iPhone Developer";
				COPY_PHASE_STRIP = YES;
				ENABLE_NS_ASSERTIONS = NO;
				GCC_C_LANGUAGE_STANDARD = gnu99;
				GCC_WARN_64_TO_32_BIT_CONVERSION = YES;
				GCC_WARN_ABOUT_RETURN_TYPE = YES_ERROR;
				GCC_WARN_UNDECLARED_SELECTOR = YES;
				GCC_WARN_UNINITIALIZED_AUTOS = YES_AGGRESSIVE;
				GCC_WARN_UNUSED_FUNCTION = YES;
				GCC_WARN_UNUSED_VARIABLE = YES;
				IPHONEOS_DEPLOYMENT_TARGET = 7.1;
				SDKROOT = iphoneos;
				TARGETED_DEVICE_FAMILY = "1,2";
				VALIDATE_PRODUCT = YES;
			};
			name = Release;
		};
		66160F0E18D11534003C3F50 /* Debug */ = {
			isa = XCBuildConfiguration;
			baseConfigurationReference = EF5E4987298A4EB89E7CCB9F /* Pods.xcconfig */;
			buildSettings = {
				ARCHS = (
					"$(ARCHS_STANDARD)",
					armv7,
					armv7s,
				);
				ASSETCATALOG_COMPILER_APPICON_NAME = AppIcon;
				ASSETCATALOG_COMPILER_LAUNCHIMAGE_NAME = LaunchImage;
				GCC_PRECOMPILE_PREFIX_HEADER = YES;
				GCC_PREFIX_HEADER = "Simple Video Playback/Simple Video Playback-Prefix.pch";
				INFOPLIST_FILE = "Simple Video Playback/Simple Video Playback-Info.plist";
				PRODUCT_NAME = "$(TARGET_NAME)";
				VALID_ARCHS = "armv7 armv7s";
				WRAPPER_EXTENSION = app;
			};
			name = Debug;
		};
		66160F0F18D11534003C3F50 /* Release */ = {
			isa = XCBuildConfiguration;
			baseConfigurationReference = EF5E4987298A4EB89E7CCB9F /* Pods.xcconfig */;
			buildSettings = {
				ARCHS = (
					"$(ARCHS_STANDARD)",
					armv7,
					armv7s,
				);
				ASSETCATALOG_COMPILER_APPICON_NAME = AppIcon;
				ASSETCATALOG_COMPILER_LAUNCHIMAGE_NAME = LaunchImage;
				GCC_PRECOMPILE_PREFIX_HEADER = YES;
				GCC_PREFIX_HEADER = "Simple Video Playback/Simple Video Playback-Prefix.pch";
				INFOPLIST_FILE = "Simple Video Playback/Simple Video Playback-Info.plist";
				PRODUCT_NAME = "$(TARGET_NAME)";
				VALID_ARCHS = "armv7 armv7s";
				WRAPPER_EXTENSION = app;
			};
			name = Release;
		};
		66160F1118D11534003C3F50 /* Debug */ = {
			isa = XCBuildConfiguration;
			buildSettings = {
				BUNDLE_LOADER = "$(BUILT_PRODUCTS_DIR)/Simple Video Playback.app/Simple Video Playback";
				FRAMEWORK_SEARCH_PATHS = (
					"$(SDKROOT)/Developer/Library/Frameworks",
					"$(inherited)",
					"$(DEVELOPER_FRAMEWORKS_DIR)",
				);
				GCC_PRECOMPILE_PREFIX_HEADER = YES;
				GCC_PREFIX_HEADER = "Simple Video Playback/Simple Video Playback-Prefix.pch";
				GCC_PREPROCESSOR_DEFINITIONS = (
					"DEBUG=1",
					"$(inherited)",
				);
				INFOPLIST_FILE = "Simple Video PlaybackTests/Simple Video PlaybackTests-Info.plist";
				PRODUCT_NAME = "$(TARGET_NAME)";
				TEST_HOST = "$(BUNDLE_LOADER)";
				WRAPPER_EXTENSION = xctest;
			};
			name = Debug;
		};
		66160F1218D11534003C3F50 /* Release */ = {
			isa = XCBuildConfiguration;
			buildSettings = {
				BUNDLE_LOADER = "$(BUILT_PRODUCTS_DIR)/Simple Video Playback.app/Simple Video Playback";
				FRAMEWORK_SEARCH_PATHS = (
					"$(SDKROOT)/Developer/Library/Frameworks",
					"$(inherited)",
					"$(DEVELOPER_FRAMEWORKS_DIR)",
				);
				GCC_PRECOMPILE_PREFIX_HEADER = YES;
				GCC_PREFIX_HEADER = "Simple Video Playback/Simple Video Playback-Prefix.pch";
				INFOPLIST_FILE = "Simple Video PlaybackTests/Simple Video PlaybackTests-Info.plist";
				PRODUCT_NAME = "$(TARGET_NAME)";
				TEST_HOST = "$(BUNDLE_LOADER)";
				WRAPPER_EXTENSION = xctest;
			};
			name = Release;
		};
/* End XCBuildConfiguration section */

/* Begin XCConfigurationList section */
		66160ED318D11534003C3F50 /* Build configuration list for PBXProject "Simple Video Playback" */ = {
			isa = XCConfigurationList;
			buildConfigurations = (
				66160F0B18D11534003C3F50 /* Debug */,
				66160F0C18D11534003C3F50 /* Release */,
			);
			defaultConfigurationIsVisible = 0;
			defaultConfigurationName = Release;
		};
		66160F0D18D11534003C3F50 /* Build configuration list for PBXNativeTarget "Simple Video Playback" */ = {
			isa = XCConfigurationList;
			buildConfigurations = (
				66160F0E18D11534003C3F50 /* Debug */,
				66160F0F18D11534003C3F50 /* Release */,
			);
			defaultConfigurationIsVisible = 0;
			defaultConfigurationName = Release;
		};
		66160F1018D11534003C3F50 /* Build configuration list for PBXNativeTarget "Simple Video PlaybackTests" */ = {
			isa = XCConfigurationList;
			buildConfigurations = (
				66160F1118D11534003C3F50 /* Debug */,
				66160F1218D11534003C3F50 /* Release */,
			);
			defaultConfigurationIsVisible = 0;
			defaultConfigurationName = Release;
		};
/* End XCConfigurationList section */
	};
	rootObject = 66160ED018D11534003C3F50 /* Project object */;
}
